
Microsoft Visual Studio Solution File, Format Version 12.00
# Visual Studio Version 17
VisualStudioVersion = 17.7.34202.233
MinimumVisualStudioVersion = 10.0.40219.1
Project("{9A19103F-16F7-4668-BE54-9A1E7A4F7556}") = "InstallationsMonitor", "InstallationsMonitor\InstallationsMonitor.csproj", "{0A213577-3088-455C-938F-DF4BBCBF4855}"
EndProject
Project("{2150E333-8FDC-42A3-9474-1A3956D46DE8}") = "SolutionItems", "SolutionItems", "{FBAFA888-268F-4A6F-9B86-BCDA429B8F6F}"
	ProjectSection(SolutionItems) = preProject
		.editorconfig = .editorconfig
		Directory.Build.props = Directory.Build.props
	EndProjectSection
EndProject
Project("{9A19103F-16F7-4668-BE54-9A1E7A4F7556}") = "InstallationsMonitor.Tests", "InstallationsMonitor\Tests\InstallationsMonitor.Tests.csproj", "{3D130929-6991-4743-B913-275E7E21FCBF}"
EndProject
Global
	GlobalSection(SolutionConfigurationPlatforms) = preSolution
		Debug|Any CPU = Debug|Any CPU
		Release|Any CPU = Release|Any CPU
	EndGlobalSection
	GlobalSection(ProjectConfigurationPlatforms) = postSolution
		{0A213577-3088-455C-938F-DF4BBCBF4855}.Debug|Any CPU.ActiveCfg = Debug|Any CPU
		{0A213577-3088-455C-938F-DF4BBCBF4855}.Debug|Any CPU.Build.0 = Debug|Any CPU
		{0A213577-3088-455C-938F-DF4BBCBF4855}.Release|Any CPU.ActiveCfg = Release|Any CPU
		{0A213577-3088-455C-938F-DF4BBCBF4855}.Release|Any CPU.Build.0 = Release|Any CPU
		{3D130929-6991-4743-B913-275E7E21FCBF}.Debug|Any CPU.ActiveCfg = Debug|Any CPU
		{3D130929-6991-4743-B913-275E7E21FCBF}.Debug|Any CPU.Build.0 = Debug|Any CPU
		{3D130929-6991-4743-B913-275E7E21FCBF}.Release|Any CPU.ActiveCfg = Release|Any CPU
		{3D130929-6991-4743-B913-275E7E21FCBF}.Release|Any CPU.Build.0 = Release|Any CPU
	EndGlobalSection
	GlobalSection(SolutionProperties) = preSolution
		HideSolutionNode = FALSE
	EndGlobalSection
	GlobalSection(ExtensibilityGlobals) = postSolution
		SolutionGuid = {70B2EF34-AFC7-4ABE-B53F-7F1D7C95786B}
	EndGlobalSection
EndGlobal
